
Microsoft Visual Studio Solution File, Format Version 12.00
# Visual Studio Version 16
VisualStudioVersion = 16.0.29123.88
MinimumVisualStudioVersion = 10.0.40219.1
Project("{FAE04EC0-301F-11D3-BF4B-00C04F79EFBC}") = "BarraProgresso", "BarraProgresso\BarraProgresso.csproj", "{F9FA062F-46EC-460E-BC5E-106293A0EB66}"
EndProject
Global
	GlobalSection(SolutionConfigurationPlatforms) = preSolution
		Debug|Any CPU = Debug|Any CPU
		Release|Any CPU = Release|Any CPU
	EndGlobalSection
	GlobalSection(ProjectConfigurationPlatforms) = postSolution
		{F9FA062F-46EC-460E-BC5E-106293A0EB66}.Debug|Any CPU.ActiveCfg = Debug|Any CPU
		{F9FA062F-46EC-460E-BC5E-106293A0EB66}.Debug|Any CPU.Build.0 = Debug|Any CPU
		{F9FA062F-46EC-460E-BC5E-106293A0EB66}.Release|Any CPU.ActiveCfg = Release|Any CPU
		{F9FA062F-46EC-460E-BC5E-106293A0EB66}.Release|Any CPU.Build.0 = Release|Any CPU
	EndGlobalSection
	GlobalSection(SolutionProperties) = preSolution
		HideSolutionNode = FALSE
	EndGlobalSection
	GlobalSection(ExtensibilityGlobals) = postSolution
		SolutionGuid = {040F509C-3FC0-4162-8C13-10AA477772B5}
	EndGlobalSection
EndGlobal
